
Microsoft Visual Studio Solution File, Format Version 12.00
# Visual Studio 15
VisualStudioVersion = 15.0.28307.421
MinimumVisualStudioVersion = 10.0.40219.1
Project("{FAE04EC0-301F-11D3-BF4B-00C04F79EFBC}") = "homefunc", "homefunc\homefunc.csproj", "{6EFA28C2-63B5-4B7E-901B-0F5DB5D0246A}"
EndProject
Global
	GlobalSection(SolutionConfigurationPlatforms) = preSolution
		Debug|Any CPU = Debug|Any CPU
		Release|Any CPU = Release|Any CPU
	EndGlobalSection
	GlobalSection(ProjectConfigurationPlatforms) = postSolution
		{6EFA28C2-63B5-4B7E-901B-0F5DB5D0246A}.Debug|Any CPU.ActiveCfg = Debug|Any CPU
		{6EFA28C2-63B5-4B7E-901B-0F5DB5D0246A}.Debug|Any CPU.Build.0 = Debug|Any CPU
		{6EFA28C2-63B5-4B7E-901B-0F5DB5D0246A}.Release|Any CPU.ActiveCfg = Release|Any CPU
		{6EFA28C2-63B5-4B7E-901B-0F5DB5D0246A}.Release|Any CPU.Build.0 = Release|Any CPU
	EndGlobalSection
	GlobalSection(SolutionProperties) = preSolution
		HideSolutionNode = FALSE
	EndGlobalSection
	GlobalSection(ExtensibilityGlobals) = postSolution
		SolutionGuid = {E2E768C4-E203-4BAB-938B-6DB559709E7D}
	EndGlobalSection
EndGlobal
